
Microsoft Visual Studio Solution File, Format Version 12.00
# Visual Studio Version 16
VisualStudioVersion = 16.0.31410.357
MinimumVisualStudioVersion = 10.0.40219.1
Project("{FAE04EC0-301F-11D3-BF4B-00C04F79EFBC}") = "GamesBlogWeb", "GamesBlogWeb\GamesBlogWeb.csproj", "{AA54EA10-0A7D-4639-ABC6-347AC7FC46BF}"
EndProject
Global
	GlobalSection(SolutionConfigurationPlatforms) = preSolution
		Debug|Any CPU = Debug|Any CPU
		Release|Any CPU = Release|Any CPU
	EndGlobalSection
	GlobalSection(ProjectConfigurationPlatforms) = postSolution
		{AA54EA10-0A7D-4639-ABC6-347AC7FC46BF}.Debug|Any CPU.ActiveCfg = Debug|Any CPU
		{AA54EA10-0A7D-4639-ABC6-347AC7FC46BF}.Debug|Any CPU.Build.0 = Debug|Any CPU
		{AA54EA10-0A7D-4639-ABC6-347AC7FC46BF}.Release|Any CPU.ActiveCfg = Release|Any CPU
		{AA54EA10-0A7D-4639-ABC6-347AC7FC46BF}.Release|Any CPU.Build.0 = Release|Any CPU
	EndGlobalSection
	GlobalSection(SolutionProperties) = preSolution
		HideSolutionNode = FALSE
	EndGlobalSection
	GlobalSection(ExtensibilityGlobals) = postSolution
		SolutionGuid = {EA715C00-0B4A-43CD-BC05-61716B0948E7}
	EndGlobalSection
EndGlobal
